
Microsoft Visual Studio Solution File, Format Version 12.00
# Visual Studio Version 17
VisualStudioVersion = 17.14.36623.8
MinimumVisualStudioVersion = 10.0.40219.1
Project("{FAE04EC0-301F-11D3-BF4B-00C04F79EFBC}") = "GuidlsApp.Web", "GuidlsApp.Web\GuidlsApp.Web.csproj", "{48161512-418B-991B-9C46-DF83F7D3A7A2}"
EndProject
Project("{FAE04EC0-301F-11D3-BF4B-00C04F79EFBC}") = "GuildsApp.Application", "GuildsApp.Application\GuildsApp.Application.csproj", "{C6AACC5E-1D79-A983-DF5B-57B02A5EC322}"
EndProject
Project("{FAE04EC0-301F-11D3-BF4B-00C04F79EFBC}") = "GuildsApp.Infrastructure", "GuildsApp.Infrastructure\GuildsApp.Infrastructure.csproj", "{166CB318-0F80-EB4C-969B-A85D95A0EC65}"
EndProject
Global
	GlobalSection(SolutionConfigurationPlatforms) = preSolution
		Debug|Any CPU = Debug|Any CPU
		Release|Any CPU = Release|Any CPU
	EndGlobalSection
	GlobalSection(ProjectConfigurationPlatforms) = postSolution
		{48161512-418B-991B-9C46-DF83F7D3A7A2}.Debug|Any CPU.ActiveCfg = Debug|Any CPU
		{48161512-418B-991B-9C46-DF83F7D3A7A2}.Debug|Any CPU.Build.0 = Debug|Any CPU
		{48161512-418B-991B-9C46-DF83F7D3A7A2}.Release|Any CPU.ActiveCfg = Release|Any CPU
		{48161512-418B-991B-9C46-DF83F7D3A7A2}.Release|Any CPU.Build.0 = Release|Any CPU
		{C6AACC5E-1D79-A983-DF5B-57B02A5EC322}.Debug|Any CPU.ActiveCfg = Debug|Any CPU
		{C6AACC5E-1D79-A983-DF5B-57B02A5EC322}.Debug|Any CPU.Build.0 = Debug|Any CPU
		{C6AACC5E-1D79-A983-DF5B-57B02A5EC322}.Release|Any CPU.ActiveCfg = Release|Any CPU
		{C6AACC5E-1D79-A983-DF5B-57B02A5EC322}.Release|Any CPU.Build.0 = Release|Any CPU
		{166CB318-0F80-EB4C-969B-A85D95A0EC65}.Debug|Any CPU.ActiveCfg = Debug|Any CPU
		{166CB318-0F80-EB4C-969B-A85D95A0EC65}.Debug|Any CPU.Build.0 = Debug|Any CPU
		{166CB318-0F80-EB4C-969B-A85D95A0EC65}.Release|Any CPU.ActiveCfg = Release|Any CPU
		{166CB318-0F80-EB4C-969B-A85D95A0EC65}.Release|Any CPU.Build.0 = Release|Any CPU
	EndGlobalSection
	GlobalSection(SolutionProperties) = preSolution
		HideSolutionNode = FALSE
	EndGlobalSection
	GlobalSection(ExtensibilityGlobals) = postSolution
		SolutionGuid = {21C38772-4424-40E8-B8A3-F31F7383638D}
	EndGlobalSection
EndGlobal
