
Microsoft Visual Studio Solution File, Format Version 12.00
# Visual Studio Version 17
VisualStudioVersion = 17.14.36623.8
MinimumVisualStudioVersion = 10.0.40219.1
Project("{FAE04EC0-301F-11D3-BF4B-00C04F79EFBC}") = "GuidlsApp.Web", "GuidlsApp.Web.csproj", "{4A1509C1-892E-4D7A-9CCE-61E0E3096486}"
	ProjectSection(ProjectDependencies) = postProject
		{E75D2ABE-1108-49E7-808D-D64C99F9C00B} = {E75D2ABE-1108-49E7-808D-D64C99F9C00B}
	EndProjectSection
EndProject
Project("{FAE04EC0-301F-11D3-BF4B-00C04F79EFBC}") = "GuildsXUnitTests", "..\GuildsXUnitTests\GuildsXUnitTests.csproj", "{D013232E-B7D9-4E38-BF85-4CBE59197374}"
EndProject
Project("{FAE04EC0-301F-11D3-BF4B-00C04F79EFBC}") = "GuildsApp.Core", "..\GuildsAPP.Core\GuildsApp.Core.csproj", "{FF0705AF-F30E-4EA4-94BA-8B5668D2EA54}"
EndProject
Project("{FAE04EC0-301F-11D3-BF4B-00C04F79EFBC}") = "GuildsApp.Application", "..\GuildsApp.Application\GuildsApp.Application.csproj", "{E75D2ABE-1108-49E7-808D-D64C99F9C00B}"
	ProjectSection(ProjectDependencies) = postProject
		{FF0705AF-F30E-4EA4-94BA-8B5668D2EA54} = {FF0705AF-F30E-4EA4-94BA-8B5668D2EA54}
	EndProjectSection
EndProject
Project("{FAE04EC0-301F-11D3-BF4B-00C04F79EFBC}") = "GuildsApp.Infrastructure", "..\GuildsApp.Infrastructure\GuildsApp.Infrastructure.csproj", "{61F917F5-E46C-4577-B7C1-8B8B32385966}"
	ProjectSection(ProjectDependencies) = postProject
		{E75D2ABE-1108-49E7-808D-D64C99F9C00B} = {E75D2ABE-1108-49E7-808D-D64C99F9C00B}
	EndProjectSection
EndProject
Global
	GlobalSection(SolutionConfigurationPlatforms) = preSolution
		Debug|Any CPU = Debug|Any CPU
		Release|Any CPU = Release|Any CPU
	EndGlobalSection
	GlobalSection(ProjectConfigurationPlatforms) = postSolution
		{4A1509C1-892E-4D7A-9CCE-61E0E3096486}.Debug|Any CPU.ActiveCfg = Debug|Any CPU
		{4A1509C1-892E-4D7A-9CCE-61E0E3096486}.Debug|Any CPU.Build.0 = Debug|Any CPU
		{4A1509C1-892E-4D7A-9CCE-61E0E3096486}.Release|Any CPU.ActiveCfg = Release|Any CPU
		{4A1509C1-892E-4D7A-9CCE-61E0E3096486}.Release|Any CPU.Build.0 = Release|Any CPU
		{D013232E-B7D9-4E38-BF85-4CBE59197374}.Debug|Any CPU.ActiveCfg = Debug|Any CPU
		{D013232E-B7D9-4E38-BF85-4CBE59197374}.Debug|Any CPU.Build.0 = Debug|Any CPU
		{D013232E-B7D9-4E38-BF85-4CBE59197374}.Release|Any CPU.ActiveCfg = Release|Any CPU
		{D013232E-B7D9-4E38-BF85-4CBE59197374}.Release|Any CPU.Build.0 = Release|Any CPU
		{FF0705AF-F30E-4EA4-94BA-8B5668D2EA54}.Debug|Any CPU.ActiveCfg = Debug|Any CPU
		{FF0705AF-F30E-4EA4-94BA-8B5668D2EA54}.Debug|Any CPU.Build.0 = Debug|Any CPU
		{FF0705AF-F30E-4EA4-94BA-8B5668D2EA54}.Release|Any CPU.ActiveCfg = Release|Any CPU
		{FF0705AF-F30E-4EA4-94BA-8B5668D2EA54}.Release|Any CPU.Build.0 = Release|Any CPU
		{E75D2ABE-1108-49E7-808D-D64C99F9C00B}.Debug|Any CPU.ActiveCfg = Debug|Any CPU
		{E75D2ABE-1108-49E7-808D-D64C99F9C00B}.Debug|Any CPU.Build.0 = Debug|Any CPU
		{E75D2ABE-1108-49E7-808D-D64C99F9C00B}.Release|Any CPU.ActiveCfg = Release|Any CPU
		{E75D2ABE-1108-49E7-808D-D64C99F9C00B}.Release|Any CPU.Build.0 = Release|Any CPU
		{61F917F5-E46C-4577-B7C1-8B8B32385966}.Debug|Any CPU.ActiveCfg = Debug|Any CPU
		{61F917F5-E46C-4577-B7C1-8B8B32385966}.Debug|Any CPU.Build.0 = Debug|Any CPU
		{61F917F5-E46C-4577-B7C1-8B8B32385966}.Release|Any CPU.ActiveCfg = Release|Any CPU
		{61F917F5-E46C-4577-B7C1-8B8B32385966}.Release|Any CPU.Build.0 = Release|Any CPU
	EndGlobalSection
	GlobalSection(SolutionProperties) = preSolution
		HideSolutionNode = FALSE
	EndGlobalSection
	GlobalSection(ExtensibilityGlobals) = postSolution
		SolutionGuid = {21C38772-4424-40E8-B8A3-F31F7383638D}
	EndGlobalSection
EndGlobal
